
Microsoft Visual Studio Solution File, Format Version 12.00
# Visual Studio Version 17
VisualStudioVersion = 17.1.32210.238
MinimumVisualStudioVersion = 10.0.40219.1
Project("{9A19103F-16F7-4668-BE54-9A1E7A4F7556}") = "IdentityServer", "IdentityServer\IdentityServer.csproj", "{AE4EAC07-F374-4956-BB55-9EFC2E234330}"
EndProject
Project("{9A19103F-16F7-4668-BE54-9A1E7A4F7556}") = "GameShop.Identity.DAL", "GameShop.Identity.DAL\GameShop.Identity.DAL.csproj", "{C644895F-1459-40AC-B7ED-0BF6DE45B0BE}"
EndProject
Project("{FAE04EC0-301F-11D3-BF4B-00C04F79EFBC}") = "GameShop.IdentityCore", "GameShop.IdentityCore\GameShop.IdentityCore.csproj", "{0AC01BF8-3FEF-4B4A-9CB4-A7A3CB8F85A8}"
EndProject
Project("{FAE04EC0-301F-11D3-BF4B-00C04F79EFBC}") = "GameShop.Identity.Services", "GameShop.Identity.Services\GameShop.Identity.Services.csproj", "{1CE93477-CBE9-41D1-A1FC-097E4C70ADB4}"
EndProject
Global
	GlobalSection(SolutionConfigurationPlatforms) = preSolution
		Debug|Any CPU = Debug|Any CPU
		Debug|x64 = Debug|x64
		Debug|x86 = Debug|x86
		Release|Any CPU = Release|Any CPU
		Release|x64 = Release|x64
		Release|x86 = Release|x86
	EndGlobalSection
	GlobalSection(ProjectConfigurationPlatforms) = postSolution
		{AE4EAC07-F374-4956-BB55-9EFC2E234330}.Debug|Any CPU.ActiveCfg = Debug|Any CPU
		{AE4EAC07-F374-4956-BB55-9EFC2E234330}.Debug|Any CPU.Build.0 = Debug|Any CPU
		{AE4EAC07-F374-4956-BB55-9EFC2E234330}.Debug|x64.ActiveCfg = Debug|Any CPU
		{AE4EAC07-F374-4956-BB55-9EFC2E234330}.Debug|x64.Build.0 = Debug|Any CPU
		{AE4EAC07-F374-4956-BB55-9EFC2E234330}.Debug|x86.ActiveCfg = Debug|Any CPU
		{AE4EAC07-F374-4956-BB55-9EFC2E234330}.Debug|x86.Build.0 = Debug|Any CPU
		{AE4EAC07-F374-4956-BB55-9EFC2E234330}.Release|Any CPU.ActiveCfg = Release|Any CPU
		{AE4EAC07-F374-4956-BB55-9EFC2E234330}.Release|Any CPU.Build.0 = Release|Any CPU
		{AE4EAC07-F374-4956-BB55-9EFC2E234330}.Release|x64.ActiveCfg = Release|Any CPU
		{AE4EAC07-F374-4956-BB55-9EFC2E234330}.Release|x64.Build.0 = Release|Any CPU
		{AE4EAC07-F374-4956-BB55-9EFC2E234330}.Release|x86.ActiveCfg = Release|Any CPU
		{AE4EAC07-F374-4956-BB55-9EFC2E234330}.Release|x86.Build.0 = Release|Any CPU
		{C644895F-1459-40AC-B7ED-0BF6DE45B0BE}.Debug|Any CPU.ActiveCfg = Debug|Any CPU
		{C644895F-1459-40AC-B7ED-0BF6DE45B0BE}.Debug|Any CPU.Build.0 = Debug|Any CPU
		{C644895F-1459-40AC-B7ED-0BF6DE45B0BE}.Debug|x64.ActiveCfg = Debug|Any CPU
		{C644895F-1459-40AC-B7ED-0BF6DE45B0BE}.Debug|x64.Build.0 = Debug|Any CPU
		{C644895F-1459-40AC-B7ED-0BF6DE45B0BE}.Debug|x86.ActiveCfg = Debug|Any CPU
		{C644895F-1459-40AC-B7ED-0BF6DE45B0BE}.Debug|x86.Build.0 = Debug|Any CPU
		{C644895F-1459-40AC-B7ED-0BF6DE45B0BE}.Release|Any CPU.ActiveCfg = Release|Any CPU
		{C644895F-1459-40AC-B7ED-0BF6DE45B0BE}.Release|Any CPU.Build.0 = Release|Any CPU
		{C644895F-1459-40AC-B7ED-0BF6DE45B0BE}.Release|x64.ActiveCfg = Release|Any CPU
		{C644895F-1459-40AC-B7ED-0BF6DE45B0BE}.Release|x64.Build.0 = Release|Any CPU
		{C644895F-1459-40AC-B7ED-0BF6DE45B0BE}.Release|x86.ActiveCfg = Release|Any CPU
		{C644895F-1459-40AC-B7ED-0BF6DE45B0BE}.Release|x86.Build.0 = Release|Any CPU
		{0AC01BF8-3FEF-4B4A-9CB4-A7A3CB8F85A8}.Debug|Any CPU.ActiveCfg = Debug|Any CPU
		{0AC01BF8-3FEF-4B4A-9CB4-A7A3CB8F85A8}.Debug|Any CPU.Build.0 = Debug|Any CPU
		{0AC01BF8-3FEF-4B4A-9CB4-A7A3CB8F85A8}.Debug|x64.ActiveCfg = Debug|Any CPU
		{0AC01BF8-3FEF-4B4A-9CB4-A7A3CB8F85A8}.Debug|x64.Build.0 = Debug|Any CPU
		{0AC01BF8-3FEF-4B4A-9CB4-A7A3CB8F85A8}.Debug|x86.ActiveCfg = Debug|Any CPU
		{0AC01BF8-3FEF-4B4A-9CB4-A7A3CB8F85A8}.Debug|x86.Build.0 = Debug|Any CPU
		{0AC01BF8-3FEF-4B4A-9CB4-A7A3CB8F85A8}.Release|Any CPU.ActiveCfg = Release|Any CPU
		{0AC01BF8-3FEF-4B4A-9CB4-A7A3CB8F85A8}.Release|Any CPU.Build.0 = Release|Any CPU
		{0AC01BF8-3FEF-4B4A-9CB4-A7A3CB8F85A8}.Release|x64.ActiveCfg = Release|Any CPU
		{0AC01BF8-3FEF-4B4A-9CB4-A7A3CB8F85A8}.Release|x64.Build.0 = Release|Any CPU
		{0AC01BF8-3FEF-4B4A-9CB4-A7A3CB8F85A8}.Release|x86.ActiveCfg = Release|Any CPU
		{0AC01BF8-3FEF-4B4A-9CB4-A7A3CB8F85A8}.Release|x86.Build.0 = Release|Any CPU
		{1CE93477-CBE9-41D1-A1FC-097E4C70ADB4}.Debug|Any CPU.ActiveCfg = Debug|Any CPU
		{1CE93477-CBE9-41D1-A1FC-097E4C70ADB4}.Debug|Any CPU.Build.0 = Debug|Any CPU
		{1CE93477-CBE9-41D1-A1FC-097E4C70ADB4}.Debug|x64.ActiveCfg = Debug|Any CPU
		{1CE93477-CBE9-41D1-A1FC-097E4C70ADB4}.Debug|x64.Build.0 = Debug|Any CPU
		{1CE93477-CBE9-41D1-A1FC-097E4C70ADB4}.Debug|x86.ActiveCfg = Debug|Any CPU
		{1CE93477-CBE9-41D1-A1FC-097E4C70ADB4}.Debug|x86.Build.0 = Debug|Any CPU
		{1CE93477-CBE9-41D1-A1FC-097E4C70ADB4}.Release|Any CPU.ActiveCfg = Release|Any CPU
		{1CE93477-CBE9-41D1-A1FC-097E4C70ADB4}.Release|Any CPU.Build.0 = Release|Any CPU
		{1CE93477-CBE9-41D1-A1FC-097E4C70ADB4}.Release|x64.ActiveCfg = Release|Any CPU
		{1CE93477-CBE9-41D1-A1FC-097E4C70ADB4}.Release|x64.Build.0 = Release|Any CPU
		{1CE93477-CBE9-41D1-A1FC-097E4C70ADB4}.Release|x86.ActiveCfg = Release|Any CPU
		{1CE93477-CBE9-41D1-A1FC-097E4C70ADB4}.Release|x86.Build.0 = Release|Any CPU
	EndGlobalSection
	GlobalSection(SolutionProperties) = preSolution
		HideSolutionNode = FALSE
	EndGlobalSection
	GlobalSection(ExtensibilityGlobals) = postSolution
		SolutionGuid = {B3723FC9-7890-4F39-AE00-76118E973499}
	EndGlobalSection
EndGlobal
